
Microsoft Visual Studio Solution File, Format Version 12.00
# Visual Studio Version 17
VisualStudioVersion = 17.0.31903.59
MinimumVisualStudioVersion = 10.0.40219.1
Project("{2150E333-8FDC-42A3-9474-1A3956D46DE8}") = "src", "src", "{827E0CD3-B72D-47B6-A68D-7590B98EB39B}"
EndProject
Project("{FAE04EC0-301F-11D3-BF4B-00C04F79EFBC}") = "WebApi", "src\WebApi\WebApi.csproj", "{19554091-F700-432E-AA4B-E2CEE01C9989}"
EndProject
Project("{FAE04EC0-301F-11D3-BF4B-00C04F79EFBC}") = "Infrastructure", "src\Infrastructure\Infrastructure.csproj", "{5261ECC7-D421-4843-BEF4-854C6A6B7B19}"
EndProject
Project("{FAE04EC0-301F-11D3-BF4B-00C04F79EFBC}") = "Application", "src\Application\Application.csproj", "{4621BAF9-B7A8-48C9-A226-135F319827E7}"
EndProject
Project("{FAE04EC0-301F-11D3-BF4B-00C04F79EFBC}") = "WebApi.Tests", "tests\WebApi.Tests\WebApi.Tests.csproj", "{D5990F06-1B81-4B89-BE25-F86C8BF1CA64}"
EndProject
Project("{2150E333-8FDC-42A3-9474-1A3956D46DE8}") = "tests", "tests", "{02EA681E-C7D8-13C7-8484-4AC65E1B71E8}"
EndProject
Project("{E53339B2-1760-4266-BCC7-CA923CBCF16C}") = "docker-compose", "docker-compose.dcproj", "{81DDED9D-158B-E303-5F62-77A2896D2A5A}"
EndProject
Project("{FAE04EC0-301F-11D3-BF4B-00C04F79EFBC}") = "Infrastructure.Tests", "tests\Infrastructure.Tests\Infrastructure.Tests.csproj", "{D70DBF93-D630-3235-55D5-B5AB16D8C4E3}"
EndProject
Project("{FAE04EC0-301F-11D3-BF4B-00C04F79EFBC}") = "Application.Tests", "tests\Application.Tests\Application.Tests.csproj", "{041BAC45-6F04-4845-BF32-E92C02B981C2}"
EndProject
Global
	GlobalSection(SolutionConfigurationPlatforms) = preSolution
		Debug|Any CPU = Debug|Any CPU
		Debug|x64 = Debug|x64
		Debug|x86 = Debug|x86
		Release|Any CPU = Release|Any CPU
		Release|x64 = Release|x64
		Release|x86 = Release|x86
	EndGlobalSection
	GlobalSection(ProjectConfigurationPlatforms) = postSolution
		{19554091-F700-432E-AA4B-E2CEE01C9989}.Debug|Any CPU.ActiveCfg = Debug|Any CPU
		{19554091-F700-432E-AA4B-E2CEE01C9989}.Debug|Any CPU.Build.0 = Debug|Any CPU
		{19554091-F700-432E-AA4B-E2CEE01C9989}.Debug|x64.ActiveCfg = Debug|Any CPU
		{19554091-F700-432E-AA4B-E2CEE01C9989}.Debug|x64.Build.0 = Debug|Any CPU
		{19554091-F700-432E-AA4B-E2CEE01C9989}.Debug|x86.ActiveCfg = Debug|Any CPU
		{19554091-F700-432E-AA4B-E2CEE01C9989}.Debug|x86.Build.0 = Debug|Any CPU
		{19554091-F700-432E-AA4B-E2CEE01C9989}.Release|Any CPU.ActiveCfg = Release|Any CPU
		{19554091-F700-432E-AA4B-E2CEE01C9989}.Release|Any CPU.Build.0 = Release|Any CPU
		{19554091-F700-432E-AA4B-E2CEE01C9989}.Release|x64.ActiveCfg = Release|Any CPU
		{19554091-F700-432E-AA4B-E2CEE01C9989}.Release|x64.Build.0 = Release|Any CPU
		{19554091-F700-432E-AA4B-E2CEE01C9989}.Release|x86.ActiveCfg = Release|Any CPU
		{19554091-F700-432E-AA4B-E2CEE01C9989}.Release|x86.Build.0 = Release|Any CPU
		{5261ECC7-D421-4843-BEF4-854C6A6B7B19}.Debug|Any CPU.ActiveCfg = Debug|Any CPU
		{5261ECC7-D421-4843-BEF4-854C6A6B7B19}.Debug|Any CPU.Build.0 = Debug|Any CPU
		{5261ECC7-D421-4843-BEF4-854C6A6B7B19}.Debug|x64.ActiveCfg = Debug|Any CPU
		{5261ECC7-D421-4843-BEF4-854C6A6B7B19}.Debug|x64.Build.0 = Debug|Any CPU
		{5261ECC7-D421-4843-BEF4-854C6A6B7B19}.Debug|x86.ActiveCfg = Debug|Any CPU
		{5261ECC7-D421-4843-BEF4-854C6A6B7B19}.Debug|x86.Build.0 = Debug|Any CPU
		{5261ECC7-D421-4843-BEF4-854C6A6B7B19}.Release|Any CPU.ActiveCfg = Release|Any CPU
		{5261ECC7-D421-4843-BEF4-854C6A6B7B19}.Release|Any CPU.Build.0 = Release|Any CPU
		{5261ECC7-D421-4843-BEF4-854C6A6B7B19}.Release|x64.ActiveCfg = Release|Any CPU
		{5261ECC7-D421-4843-BEF4-854C6A6B7B19}.Release|x64.Build.0 = Release|Any CPU
		{5261ECC7-D421-4843-BEF4-854C6A6B7B19}.Release|x86.ActiveCfg = Release|Any CPU
		{5261ECC7-D421-4843-BEF4-854C6A6B7B19}.Release|x86.Build.0 = Release|Any CPU
		{4621BAF9-B7A8-48C9-A226-135F319827E7}.Debug|Any CPU.ActiveCfg = Debug|Any CPU
		{4621BAF9-B7A8-48C9-A226-135F319827E7}.Debug|Any CPU.Build.0 = Debug|Any CPU
		{4621BAF9-B7A8-48C9-A226-135F319827E7}.Debug|x64.ActiveCfg = Debug|Any CPU
		{4621BAF9-B7A8-48C9-A226-135F319827E7}.Debug|x64.Build.0 = Debug|Any CPU
		{4621BAF9-B7A8-48C9-A226-135F319827E7}.Debug|x86.ActiveCfg = Debug|Any CPU
		{4621BAF9-B7A8-48C9-A226-135F319827E7}.Debug|x86.Build.0 = Debug|Any CPU
		{4621BAF9-B7A8-48C9-A226-135F319827E7}.Release|Any CPU.ActiveCfg = Release|Any CPU
		{4621BAF9-B7A8-48C9-A226-135F319827E7}.Release|Any CPU.Build.0 = Release|Any CPU
		{4621BAF9-B7A8-48C9-A226-135F319827E7}.Release|x64.ActiveCfg = Release|Any CPU
		{4621BAF9-B7A8-48C9-A226-135F319827E7}.Release|x64.Build.0 = Release|Any CPU
		{4621BAF9-B7A8-48C9-A226-135F319827E7}.Release|x86.ActiveCfg = Release|Any CPU
		{4621BAF9-B7A8-48C9-A226-135F319827E7}.Release|x86.Build.0 = Release|Any CPU
		{D5990F06-1B81-4B89-BE25-F86C8BF1CA64}.Debug|Any CPU.ActiveCfg = Debug|Any CPU
		{D5990F06-1B81-4B89-BE25-F86C8BF1CA64}.Debug|Any CPU.Build.0 = Debug|Any CPU
		{D5990F06-1B81-4B89-BE25-F86C8BF1CA64}.Debug|x64.ActiveCfg = Debug|Any CPU
		{D5990F06-1B81-4B89-BE25-F86C8BF1CA64}.Debug|x64.Build.0 = Debug|Any CPU
		{D5990F06-1B81-4B89-BE25-F86C8BF1CA64}.Debug|x86.ActiveCfg = Debug|Any CPU
		{D5990F06-1B81-4B89-BE25-F86C8BF1CA64}.Debug|x86.Build.0 = Debug|Any CPU
		{D5990F06-1B81-4B89-BE25-F86C8BF1CA64}.Release|Any CPU.ActiveCfg = Release|Any CPU
		{D5990F06-1B81-4B89-BE25-F86C8BF1CA64}.Release|Any CPU.Build.0 = Release|Any CPU
		{D5990F06-1B81-4B89-BE25-F86C8BF1CA64}.Release|x64.ActiveCfg = Release|Any CPU
		{D5990F06-1B81-4B89-BE25-F86C8BF1CA64}.Release|x64.Build.0 = Release|Any CPU
		{D5990F06-1B81-4B89-BE25-F86C8BF1CA64}.Release|x86.ActiveCfg = Release|Any CPU
		{D5990F06-1B81-4B89-BE25-F86C8BF1CA64}.Release|x86.Build.0 = Release|Any CPU
		{81DDED9D-158B-E303-5F62-77A2896D2A5A}.Debug|Any CPU.ActiveCfg = Debug|Any CPU
		{81DDED9D-158B-E303-5F62-77A2896D2A5A}.Debug|Any CPU.Build.0 = Debug|Any CPU
		{81DDED9D-158B-E303-5F62-77A2896D2A5A}.Debug|x64.ActiveCfg = Debug|Any CPU
		{81DDED9D-158B-E303-5F62-77A2896D2A5A}.Debug|x64.Build.0 = Debug|Any CPU
		{81DDED9D-158B-E303-5F62-77A2896D2A5A}.Debug|x86.ActiveCfg = Debug|Any CPU
		{81DDED9D-158B-E303-5F62-77A2896D2A5A}.Debug|x86.Build.0 = Debug|Any CPU
		{81DDED9D-158B-E303-5F62-77A2896D2A5A}.Release|Any CPU.ActiveCfg = Release|Any CPU
		{81DDED9D-158B-E303-5F62-77A2896D2A5A}.Release|Any CPU.Build.0 = Release|Any CPU
		{81DDED9D-158B-E303-5F62-77A2896D2A5A}.Release|x64.ActiveCfg = Release|Any CPU
		{81DDED9D-158B-E303-5F62-77A2896D2A5A}.Release|x64.Build.0 = Release|Any CPU
		{81DDED9D-158B-E303-5F62-77A2896D2A5A}.Release|x86.ActiveCfg = Release|Any CPU
		{81DDED9D-158B-E303-5F62-77A2896D2A5A}.Release|x86.Build.0 = Release|Any CPU
		{D70DBF93-D630-3235-55D5-B5AB16D8C4E3}.Debug|Any CPU.ActiveCfg = Debug|Any CPU
		{D70DBF93-D630-3235-55D5-B5AB16D8C4E3}.Debug|Any CPU.Build.0 = Debug|Any CPU
		{D70DBF93-D630-3235-55D5-B5AB16D8C4E3}.Debug|x64.ActiveCfg = Debug|Any CPU
		{D70DBF93-D630-3235-55D5-B5AB16D8C4E3}.Debug|x64.Build.0 = Debug|Any CPU
		{D70DBF93-D630-3235-55D5-B5AB16D8C4E3}.Debug|x86.ActiveCfg = Debug|Any CPU
		{D70DBF93-D630-3235-55D5-B5AB16D8C4E3}.Debug|x86.Build.0 = Debug|Any CPU
		{D70DBF93-D630-3235-55D5-B5AB16D8C4E3}.Release|Any CPU.ActiveCfg = Release|Any CPU
		{D70DBF93-D630-3235-55D5-B5AB16D8C4E3}.Release|Any CPU.Build.0 = Release|Any CPU
		{D70DBF93-D630-3235-55D5-B5AB16D8C4E3}.Release|x64.ActiveCfg = Release|Any CPU
		{D70DBF93-D630-3235-55D5-B5AB16D8C4E3}.Release|x64.Build.0 = Release|Any CPU
		{D70DBF93-D630-3235-55D5-B5AB16D8C4E3}.Release|x86.ActiveCfg = Release|Any CPU
		{D70DBF93-D630-3235-55D5-B5AB16D8C4E3}.Release|x86.Build.0 = Release|Any CPU
		{041BAC45-6F04-4845-BF32-E92C02B981C2}.Debug|Any CPU.ActiveCfg = Debug|Any CPU
		{041BAC45-6F04-4845-BF32-E92C02B981C2}.Debug|Any CPU.Build.0 = Debug|Any CPU
		{041BAC45-6F04-4845-BF32-E92C02B981C2}.Debug|x64.ActiveCfg = Debug|Any CPU
		{041BAC45-6F04-4845-BF32-E92C02B981C2}.Debug|x64.Build.0 = Debug|Any CPU
		{041BAC45-6F04-4845-BF32-E92C02B981C2}.Debug|x86.ActiveCfg = Debug|Any CPU
		{041BAC45-6F04-4845-BF32-E92C02B981C2}.Debug|x86.Build.0 = Debug|Any CPU
		{041BAC45-6F04-4845-BF32-E92C02B981C2}.Release|Any CPU.ActiveCfg = Release|Any CPU
		{041BAC45-6F04-4845-BF32-E92C02B981C2}.Release|Any CPU.Build.0 = Release|Any CPU
		{041BAC45-6F04-4845-BF32-E92C02B981C2}.Release|x64.ActiveCfg = Release|Any CPU
		{041BAC45-6F04-4845-BF32-E92C02B981C2}.Release|x64.Build.0 = Release|Any CPU
		{041BAC45-6F04-4845-BF32-E92C02B981C2}.Release|x86.ActiveCfg = Release|Any CPU
		{041BAC45-6F04-4845-BF32-E92C02B981C2}.Release|x86.Build.0 = Release|Any CPU
	EndGlobalSection
	GlobalSection(SolutionProperties) = preSolution
		HideSolutionNode = FALSE
	EndGlobalSection
	GlobalSection(NestedProjects) = preSolution
		{19554091-F700-432E-AA4B-E2CEE01C9989} = {827E0CD3-B72D-47B6-A68D-7590B98EB39B}
		{5261ECC7-D421-4843-BEF4-854C6A6B7B19} = {827E0CD3-B72D-47B6-A68D-7590B98EB39B}
		{4621BAF9-B7A8-48C9-A226-135F319827E7} = {827E0CD3-B72D-47B6-A68D-7590B98EB39B}
		{D5990F06-1B81-4B89-BE25-F86C8BF1CA64} = {02EA681E-C7D8-13C7-8484-4AC65E1B71E8}
		{D70DBF93-D630-3235-55D5-B5AB16D8C4E3} = {02EA681E-C7D8-13C7-8484-4AC65E1B71E8}
		{041BAC45-6F04-4845-BF32-E92C02B981C2} = {02EA681E-C7D8-13C7-8484-4AC65E1B71E8}
	EndGlobalSection
	GlobalSection(ExtensibilityGlobals) = postSolution
		SolutionGuid = {DF61AA8E-C018-40ED-B8EE-5C97E4A20C98}
	EndGlobalSection
EndGlobal
